# This file is automatically @generated by Cargo.
# It is not intended for manual editing.
version = 3

[[package]]
name = "aoc2020"
version = "0.1.0"
dependencies = [
 "humantime",
 "owo-colors",
]

[[package]]
name = "humantime"
version = "2.1.0"
source = "registry+https://github.com/rust-lang/crates.io-index"
checksum = "9a3a5bfb195931eeb336b2a7b4d761daec841b97f947d34394601737a7bba5e4"

[[package]]
name = "owo-colors"
version = "3.4.0"
source = "registry+https://github.com/rust-lang/crates.io-index"
checksum = "decf7381921fea4dcb2549c5667eda59b3ec297ab7e2b5fc33eac69d2e7da87b"
